
Microsoft Visual Studio Solution File, Format Version 12.00
# Visual Studio 15
VisualStudioVersion = 15.0.27004.2006
MinimumVisualStudioVersion = 10.0.40219.1
Project("{FAE04EC0-301F-11D3-BF4B-00C04F79EFBC}") = "ElevenNote.Web", "ElevenNote.Web\ElevenNote.Web.csproj", "{C70BEEBB-29E0-485B-B9F8-CB3E860FFDAC}"
EndProject
Global
	GlobalSection(SolutionConfigurationPlatforms) = preSolution
		Debug|Any CPU = Debug|Any CPU
		Release|Any CPU = Release|Any CPU
	EndGlobalSection
	GlobalSection(ProjectConfigurationPlatforms) = postSolution
		{C70BEEBB-29E0-485B-B9F8-CB3E860FFDAC}.Debug|Any CPU.ActiveCfg = Debug|Any CPU
		{C70BEEBB-29E0-485B-B9F8-CB3E860FFDAC}.Debug|Any CPU.Build.0 = Debug|Any CPU
		{C70BEEBB-29E0-485B-B9F8-CB3E860FFDAC}.Release|Any CPU.ActiveCfg = Release|Any CPU
		{C70BEEBB-29E0-485B-B9F8-CB3E860FFDAC}.Release|Any CPU.Build.0 = Release|Any CPU
	EndGlobalSection
	GlobalSection(SolutionProperties) = preSolution
		HideSolutionNode = FALSE
	EndGlobalSection
	GlobalSection(ExtensibilityGlobals) = postSolution
		SolutionGuid = {1C3515B2-BFFD-4B77-B5B7-9F31A29986CB}
	EndGlobalSection
EndGlobal
